
Microsoft Visual Studio Solution File, Format Version 12.00
# Visual Studio Version 16
VisualStudioVersion = 16.0.30320.27
MinimumVisualStudioVersion = 10.0.40219.1
Project("{FAE04EC0-301F-11D3-BF4B-00C04F79EFBC}") = "aspNetCoreBackend", "aspNetCoreBackend\aspNetCoreBackend.csproj", "{D5758A52-8281-4D91-ABA4-EE2612F582AF}"
EndProject
Global
	GlobalSection(SolutionConfigurationPlatforms) = preSolution
		Debug|Any CPU = Debug|Any CPU
		Release|Any CPU = Release|Any CPU
	EndGlobalSection
	GlobalSection(ProjectConfigurationPlatforms) = postSolution
		{D5758A52-8281-4D91-ABA4-EE2612F582AF}.Debug|Any CPU.ActiveCfg = Debug|Any CPU
		{D5758A52-8281-4D91-ABA4-EE2612F582AF}.Debug|Any CPU.Build.0 = Debug|Any CPU
		{D5758A52-8281-4D91-ABA4-EE2612F582AF}.Release|Any CPU.ActiveCfg = Release|Any CPU
		{D5758A52-8281-4D91-ABA4-EE2612F582AF}.Release|Any CPU.Build.0 = Release|Any CPU
	EndGlobalSection
	GlobalSection(SolutionProperties) = preSolution
		HideSolutionNode = FALSE
	EndGlobalSection
	GlobalSection(ExtensibilityGlobals) = postSolution
		SolutionGuid = {C7A0BB71-3518-4169-A4FF-05D78BDA3DFA}
	EndGlobalSection
EndGlobal
